
Microsoft Visual Studio Solution File, Format Version 12.00
# Visual Studio 14
VisualStudioVersion = 14.0.25420.1
MinimumVisualStudioVersion = 10.0.40219.1
Project("{FAE04EC0-301F-11D3-BF4B-00C04F79EFBC}") = "DataNorthWind", "..\camadas\DataNorthWindMVC\DataNorthWind.csproj", "{63ACC22B-78F2-45BA-81E4-BEE20BDEF1AE}"
EndProject
Project("{FAE04EC0-301F-11D3-BF4B-00C04F79EFBC}") = "BusinessNorthWind", "..\camadas\BusinessNorthWind\BusinessNorthWind.csproj", "{169B0D21-048F-4141-892B-1A820ABEC01C}"
EndProject
Global
	GlobalSection(SolutionConfigurationPlatforms) = preSolution
		Debug|Any CPU = Debug|Any CPU
		Release|Any CPU = Release|Any CPU
	EndGlobalSection
	GlobalSection(ProjectConfigurationPlatforms) = postSolution
		{63ACC22B-78F2-45BA-81E4-BEE20BDEF1AE}.Debug|Any CPU.ActiveCfg = Debug|Any CPU
		{63ACC22B-78F2-45BA-81E4-BEE20BDEF1AE}.Debug|Any CPU.Build.0 = Debug|Any CPU
		{63ACC22B-78F2-45BA-81E4-BEE20BDEF1AE}.Release|Any CPU.ActiveCfg = Release|Any CPU
		{63ACC22B-78F2-45BA-81E4-BEE20BDEF1AE}.Release|Any CPU.Build.0 = Release|Any CPU
		{169B0D21-048F-4141-892B-1A820ABEC01C}.Debug|Any CPU.ActiveCfg = Debug|Any CPU
		{169B0D21-048F-4141-892B-1A820ABEC01C}.Debug|Any CPU.Build.0 = Debug|Any CPU
		{169B0D21-048F-4141-892B-1A820ABEC01C}.Release|Any CPU.ActiveCfg = Release|Any CPU
		{169B0D21-048F-4141-892B-1A820ABEC01C}.Release|Any CPU.Build.0 = Release|Any CPU
	EndGlobalSection
	GlobalSection(SolutionProperties) = preSolution
		HideSolutionNode = FALSE
	EndGlobalSection
EndGlobal
